
Microsoft Visual Studio Solution File, Format Version 12.00
# Visual Studio Version 17
VisualStudioVersion = 17.0.31903.59
MinimumVisualStudioVersion = 10.0.40219.1
Project("{9A19103F-16F7-4668-BE54-9A1E7A4F7556}") = "GameServer", "GameServer\GameServer.csproj", "{711A7F1B-0CDB-471B-8A5E-E510AA0CD91F}"
EndProject
Project("{9A19103F-16F7-4668-BE54-9A1E7A4F7556}") = "GameShared", "GameShared\GameShared.csproj", "{7C702D6C-71E7-447E-9735-E2AA29DE6849}"
EndProject
Project("{9A19103F-16F7-4668-BE54-9A1E7A4F7556}") = "TestClient", "TestClient\TestClient.csproj", "{C5D69832-69AB-478A-AE7B-4BA059D8E27C}"
EndProject
Project("{E53339B2-1760-4266-BCC7-CA923CBCF16C}") = "docker-compose", "docker-compose.dcproj", "{91CBFD03-3858-4F34-8C77-504F02CE752A}"
EndProject
Project("{2150E333-8FDC-42A3-9474-1A3956D46DE8}") = "Solution Items", "Solution Items", "{02EA681E-C7D8-13C7-8484-4AC65E1B71E8}"
	ProjectSection(SolutionItems) = preProject
		.editorconfig = .editorconfig
		Directory.Build.props = Directory.Build.props
		README.md = README.md
	EndProjectSection
EndProject
Project("{2150E333-8FDC-42A3-9474-1A3956D46DE8}") = "CodeAnalysis", "CodeAnalysis", "{AED77584-D37E-431A-BDE5-F3A11A90D2DA}"
	ProjectSection(SolutionItems) = preProject
		CodeAnalysis\CodeAnalysis.Build.props = CodeAnalysis\CodeAnalysis.Build.props
		CodeAnalysis\stylecop.json = CodeAnalysis\stylecop.json
	EndProjectSection
EndProject
Project("{FAE04EC0-301F-11D3-BF4B-00C04F79EFBC}") = "BTRemakeBlazorApp", "BTRemakeBlazorApp\BTRemakeBlazorApp.csproj", "{AFD8C58C-F499-4BC4-832C-E7FD4073E9FE}"
EndProject
Global
	GlobalSection(SolutionConfigurationPlatforms) = preSolution
		Debug|Any CPU = Debug|Any CPU
		Release|Any CPU = Release|Any CPU
	EndGlobalSection
	GlobalSection(ProjectConfigurationPlatforms) = postSolution
		{711A7F1B-0CDB-471B-8A5E-E510AA0CD91F}.Debug|Any CPU.ActiveCfg = Debug|Any CPU
		{711A7F1B-0CDB-471B-8A5E-E510AA0CD91F}.Debug|Any CPU.Build.0 = Debug|Any CPU
		{711A7F1B-0CDB-471B-8A5E-E510AA0CD91F}.Release|Any CPU.ActiveCfg = Release|Any CPU
		{711A7F1B-0CDB-471B-8A5E-E510AA0CD91F}.Release|Any CPU.Build.0 = Release|Any CPU
		{7C702D6C-71E7-447E-9735-E2AA29DE6849}.Debug|Any CPU.ActiveCfg = Debug|Any CPU
		{7C702D6C-71E7-447E-9735-E2AA29DE6849}.Debug|Any CPU.Build.0 = Debug|Any CPU
		{7C702D6C-71E7-447E-9735-E2AA29DE6849}.Release|Any CPU.ActiveCfg = Release|Any CPU
		{7C702D6C-71E7-447E-9735-E2AA29DE6849}.Release|Any CPU.Build.0 = Release|Any CPU
		{C5D69832-69AB-478A-AE7B-4BA059D8E27C}.Debug|Any CPU.ActiveCfg = Debug|Any CPU
		{C5D69832-69AB-478A-AE7B-4BA059D8E27C}.Debug|Any CPU.Build.0 = Debug|Any CPU
		{C5D69832-69AB-478A-AE7B-4BA059D8E27C}.Release|Any CPU.ActiveCfg = Release|Any CPU
		{C5D69832-69AB-478A-AE7B-4BA059D8E27C}.Release|Any CPU.Build.0 = Release|Any CPU
		{91CBFD03-3858-4F34-8C77-504F02CE752A}.Debug|Any CPU.ActiveCfg = Debug|Any CPU
		{91CBFD03-3858-4F34-8C77-504F02CE752A}.Debug|Any CPU.Build.0 = Debug|Any CPU
		{91CBFD03-3858-4F34-8C77-504F02CE752A}.Release|Any CPU.ActiveCfg = Release|Any CPU
		{91CBFD03-3858-4F34-8C77-504F02CE752A}.Release|Any CPU.Build.0 = Release|Any CPU
		{AFD8C58C-F499-4BC4-832C-E7FD4073E9FE}.Debug|Any CPU.ActiveCfg = Debug|Any CPU
		{AFD8C58C-F499-4BC4-832C-E7FD4073E9FE}.Debug|Any CPU.Build.0 = Debug|Any CPU
		{AFD8C58C-F499-4BC4-832C-E7FD4073E9FE}.Release|Any CPU.ActiveCfg = Release|Any CPU
		{AFD8C58C-F499-4BC4-832C-E7FD4073E9FE}.Release|Any CPU.Build.0 = Release|Any CPU
	EndGlobalSection
	GlobalSection(SolutionProperties) = preSolution
		HideSolutionNode = FALSE
	EndGlobalSection
	GlobalSection(NestedProjects) = preSolution
		{AED77584-D37E-431A-BDE5-F3A11A90D2DA} = {02EA681E-C7D8-13C7-8484-4AC65E1B71E8}
	EndGlobalSection
	GlobalSection(ExtensibilityGlobals) = postSolution
		SolutionGuid = {934499CB-3A98-4BF9-9074-C48E700CC138}
	EndGlobalSection
EndGlobal
